
Microsoft Visual Studio Solution File, Format Version 12.00
# Visual Studio Version 17
VisualStudioVersion = 17.5.33502.453
MinimumVisualStudioVersion = 10.0.40219.1
Project("{9A19103F-16F7-4668-BE54-9A1E7A4F7556}") = "BoraEventsSyncFunctions", "BoraEventsSyncFunctions\BoraEventsSyncFunctions.csproj", "{0D3303F3-DD2A-4690-9BC7-F21BEF02F642}"
EndProject
Project("{9A19103F-16F7-4668-BE54-9A1E7A4F7556}") = "Bora.GoogleCalendar", "Bora.GoogleCalendar\Bora.GoogleCalendar.csproj", "{FE072BBC-14D1-4FF3-8267-8FF09DCE06F8}"
EndProject
Project("{9A19103F-16F7-4668-BE54-9A1E7A4F7556}") = "BoraCrawlers", "BoraCrawlers\BoraCrawlers.csproj", "{91611282-B795-4376-A4CD-33DB8101B14A}"
EndProject
Project("{9A19103F-16F7-4668-BE54-9A1E7A4F7556}") = "BoraCrawlers.Tests", "BoraCrawlers.Tests\BoraCrawlers.Tests.csproj", "{560B7D28-86EE-410A-8621-F765486A52BD}"
EndProject
Project("{2150E333-8FDC-42A3-9474-1A3956D46DE8}") = "Solution Items", "Solution Items", "{82AA03A0-CE7B-42A3-BF64-0BE37A8AD821}"
	ProjectSection(SolutionItems) = preProject
		.github\workflows\main_fn-bora-events-sync.yml = .github\workflows\main_fn-bora-events-sync.yml
	EndProjectSection
EndProject
Global
	GlobalSection(SolutionConfigurationPlatforms) = preSolution
		Debug|Any CPU = Debug|Any CPU
		Release|Any CPU = Release|Any CPU
	EndGlobalSection
	GlobalSection(ProjectConfigurationPlatforms) = postSolution
		{0D3303F3-DD2A-4690-9BC7-F21BEF02F642}.Debug|Any CPU.ActiveCfg = Debug|Any CPU
		{0D3303F3-DD2A-4690-9BC7-F21BEF02F642}.Debug|Any CPU.Build.0 = Debug|Any CPU
		{0D3303F3-DD2A-4690-9BC7-F21BEF02F642}.Release|Any CPU.ActiveCfg = Release|Any CPU
		{0D3303F3-DD2A-4690-9BC7-F21BEF02F642}.Release|Any CPU.Build.0 = Release|Any CPU
		{FE072BBC-14D1-4FF3-8267-8FF09DCE06F8}.Debug|Any CPU.ActiveCfg = Debug|Any CPU
		{FE072BBC-14D1-4FF3-8267-8FF09DCE06F8}.Debug|Any CPU.Build.0 = Debug|Any CPU
		{FE072BBC-14D1-4FF3-8267-8FF09DCE06F8}.Release|Any CPU.ActiveCfg = Release|Any CPU
		{FE072BBC-14D1-4FF3-8267-8FF09DCE06F8}.Release|Any CPU.Build.0 = Release|Any CPU
		{91611282-B795-4376-A4CD-33DB8101B14A}.Debug|Any CPU.ActiveCfg = Debug|Any CPU
		{91611282-B795-4376-A4CD-33DB8101B14A}.Debug|Any CPU.Build.0 = Debug|Any CPU
		{91611282-B795-4376-A4CD-33DB8101B14A}.Release|Any CPU.ActiveCfg = Release|Any CPU
		{91611282-B795-4376-A4CD-33DB8101B14A}.Release|Any CPU.Build.0 = Release|Any CPU
		{560B7D28-86EE-410A-8621-F765486A52BD}.Debug|Any CPU.ActiveCfg = Debug|Any CPU
		{560B7D28-86EE-410A-8621-F765486A52BD}.Debug|Any CPU.Build.0 = Debug|Any CPU
		{560B7D28-86EE-410A-8621-F765486A52BD}.Release|Any CPU.ActiveCfg = Release|Any CPU
		{560B7D28-86EE-410A-8621-F765486A52BD}.Release|Any CPU.Build.0 = Release|Any CPU
	EndGlobalSection
	GlobalSection(SolutionProperties) = preSolution
		HideSolutionNode = FALSE
	EndGlobalSection
	GlobalSection(ExtensibilityGlobals) = postSolution
		SolutionGuid = {F879896C-1C16-47C1-A13E-B881E3A29804}
	EndGlobalSection
EndGlobal
